// !$*UTF8*$!
{
	archiveVersion = 1;
	classes = {
	};
	objectVersion = 77;
	objects = {

/* Begin PBXBuildFile section */
		280198D32E1FFB17008A8683 /* Metal.framework in Frameworks */ = {isa = PBXBuildFile; fileRef = 28C72BAF2E1A2A2700E53571 /* Metal.framework */; };
		280198D52E1FFB29008A8683 /* MetalKit.framework in Frameworks */ = {isa = PBXBuildFile; fileRef = 280198D42E1FFB29008A8683 /* MetalKit.framework */; };
		280198D72E1FFB3C008A8683 /* Foundation.framework in Frameworks */ = {isa = PBXBuildFile; fileRef = 280198D62E1FFB3C008A8683 /* Foundation.framework */; };
		2801AC6C2E200AF5008A8683 /* FirebaseAppCheck in Frameworks */ = {isa = PBXBuildFile; productRef = 2829D69A2DF5C7AB0079E2B5 /* FirebaseAppCheck */; };
		2829D6992DF5C7AB0079E2B5 /* FirebaseAnalytics in Frameworks */ = {isa = PBXBuildFile; productRef = 2829D6982DF5C7AB0079E2B5 /* FirebaseAnalytics */; };
		2829D69D2DF5C7AB0079E2B5 /* FirebaseAuth in Frameworks */ = {isa = PBXBuildFile; productRef = 2829D69C2DF5C7AB0079E2B5 /* FirebaseAuth */; };
		2829D69F2DF5C7AB0079E2B5 /* FirebaseFirestore in Frameworks */ = {isa = PBXBuildFile; productRef = 2829D69E2DF5C7AB0079E2B5 /* FirebaseFirestore */; };
		2829D6A12DF5C7AB0079E2B5 /* FirebaseFunctions in Frameworks */ = {isa = PBXBuildFile; productRef = 2829D6A02DF5C7AB0079E2B5 /* FirebaseFunctions */; };
		2829D6A32DF5C7AB0079E2B5 /* FirebaseStorage in Frameworks */ = {isa = PBXBuildFile; productRef = 2829D6A22DF5C7AB0079E2B5 /* FirebaseStorage */; };
		2829D6A82DF5C9930079E2B5 /* GoogleMobileAds in Frameworks */ = {isa = PBXBuildFile; productRef = 2829D6A72DF5C9930079E2B5 /* GoogleMobileAds */; };
		28371EFB2EC9BFC4009FC5DF /* MemoWidgetProvider.swift in Sources */ = {isa = PBXBuildFile; fileRef = 28371EF92EC9BFC4009FC5DF /* MemoWidgetProvider.swift */; };
		28371EFC2EC9BFC4009FC5DF /* TodoWidgetProvider.swift in Sources */ = {isa = PBXBuildFile; fileRef = 28371EFA2EC9BFC4009FC5DF /* TodoWidgetProvider.swift */; };
		28371EFF2EC9BFD3009FC5DF /* MemoWidgetView.swift in Sources */ = {isa = PBXBuildFile; fileRef = 28371EFD2EC9BFD3009FC5DF /* MemoWidgetView.swift */; };
		28371F002EC9BFD3009FC5DF /* TodoWidgetView.swift in Sources */ = {isa = PBXBuildFile; fileRef = 28371EFE2EC9BFD3009FC5DF /* TodoWidgetView.swift */; };
		28371F032EC9BFE4009FC5DF /* MemoWidget.swift in Sources */ = {isa = PBXBuildFile; fileRef = 28371F012EC9BFE4009FC5DF /* MemoWidget.swift */; };
		28371F042EC9BFE4009FC5DF /* TodoWidget.swift in Sources */ = {isa = PBXBuildFile; fileRef = 28371F022EC9BFE4009FC5DF /* TodoWidget.swift */; };
		28872D8A2EC9675F00B0BA0A /* WidgetKit.framework in Frameworks */ = {isa = PBXBuildFile; fileRef = 28872D892EC9675F00B0BA0A /* WidgetKit.framework */; };
		28872D8C2EC9675F00B0BA0A /* SwiftUI.framework in Frameworks */ = {isa = PBXBuildFile; fileRef = 28872D8B2EC9675F00B0BA0A /* SwiftUI.framework */; };
		28872D9B2EC9676000B0BA0A /* CharacterWidgetsExtension.appex in Embed Foundation Extensions */ = {isa = PBXBuildFile; fileRef = 28872D882EC9675F00B0BA0A /* CharacterWidgetsExtension.appex */; settings = {ATTRIBUTES = (RemoveHeadersOnCopy, ); }; };
		28872DB72EC96BB500B0BA0A /* AppGroupConstants.swift in Sources */ = {isa = PBXBuildFile; fileRef = 28872DB12EC96BB500B0BA0A /* AppGroupConstants.swift */; };
		28872DB82EC96BB500B0BA0A /* Date+Extensions.swift in Sources */ = {isa = PBXBuildFile; fileRef = 28872DB42EC96BB500B0BA0A /* Date+Extensions.swift */; };
		28872DBA2EC96BB500B0BA0A /* AppGroupConstants.swift in Sources */ = {isa = PBXBuildFile; fileRef = 28872DB12EC96BB500B0BA0A /* AppGroupConstants.swift */; };
		28872DBB2EC96BB500B0BA0A /* Date+Extensions.swift in Sources */ = {isa = PBXBuildFile; fileRef = 28872DB42EC96BB500B0BA0A /* Date+Extensions.swift */; };
		28872ECD2EC9A67200B0BA0A /* Assets.xcassets in Resources */ = {isa = PBXBuildFile; fileRef = 28872EC62EC9A67200B0BA0A /* Assets.xcassets */; };
		28872ECF2EC9A67200B0BA0A /* WidgetData.swift in Sources */ = {isa = PBXBuildFile; fileRef = 28872EBB2EC9A67200B0BA0A /* WidgetData.swift */; };
		28872ED02EC9A67200B0BA0A /* CalendarWidgetProvider.swift in Sources */ = {isa = PBXBuildFile; fileRef = 28872EBD2EC9A67200B0BA0A /* CalendarWidgetProvider.swift */; };
		28872ED12EC9A67200B0BA0A /* ColorExtensions.swift in Sources */ = {isa = PBXBuildFile; fileRef = 28872EBF2EC9A67200B0BA0A /* ColorExtensions.swift */; };
		28872ED22EC9A67200B0BA0A /* WidgetDataCache.swift in Sources */ = {isa = PBXBuildFile; fileRef = 28872EC02EC9A67200B0BA0A /* WidgetDataCache.swift */; };
		28872ED32EC9A67200B0BA0A /* CalendarWidgetView.swift in Sources */ = {isa = PBXBuildFile; fileRef = 28872EC22EC9A67200B0BA0A /* CalendarWidgetView.swift */; };
		28872ED42EC9A67200B0BA0A /* CalendarWidget.swift in Sources */ = {isa = PBXBuildFile; fileRef = 28872EC42EC9A67200B0BA0A /* CalendarWidget.swift */; };
		28872ED62EC9A67200B0BA0A /* CharacterWidgetsBundle.swift in Sources */ = {isa = PBXBuildFile; fileRef = 28872EC82EC9A67200B0BA0A /* CharacterWidgetsBundle.swift */; };
		28872ED92EC9A67200B0BA0A /* WidgetData.swift in Sources */ = {isa = PBXBuildFile; fileRef = 28872EBB2EC9A67200B0BA0A /* WidgetData.swift */; };
		28C72BB42E1A2A3C00E53571 /* OpenGLES.framework in Frameworks */ = {isa = PBXBuildFile; fileRef = 28C72BB32E1A2A3C00E53571 /* OpenGLES.framework */; };
		28C72BB62E1A2A4400E53571 /* QuartzCore.framework in Frameworks */ = {isa = PBXBuildFile; fileRef = 28C72BB52E1A2A4300E53571 /* QuartzCore.framework */; };
/* End PBXBuildFile section */

/* Begin PBXContainerItemProxy section */
		28872D992EC9676000B0BA0A /* PBXContainerItemProxy */ = {
			isa = PBXContainerItemProxy;
			containerPortal = 2829D67F2DF5C6630079E2B5 /* Project object */;
			proxyType = 1;
			remoteGlobalIDString = 28872D872EC9675F00B0BA0A;
			remoteInfo = CharacterWidgetsExtension;
		};
/* End PBXContainerItemProxy section */

/* Begin PBXCopyFilesBuildPhase section */
		28872DA02EC9676000B0BA0A /* Embed Foundation Extensions */ = {
			isa = PBXCopyFilesBuildPhase;
			buildActionMask = 2147483647;
			dstPath = "";
			dstSubfolderSpec = 13;
			files = (
				28872D9B2EC9676000B0BA0A /* CharacterWidgetsExtension.appex in Embed Foundation Extensions */,
			);
			name = "Embed Foundation Extensions";
			runOnlyForDeploymentPostprocessing = 0;
		};
/* End PBXCopyFilesBuildPhase section */

/* Begin PBXFileReference section */
		280198D42E1FFB29008A8683 /* MetalKit.framework */ = {isa = PBXFileReference; lastKnownFileType = wrapper.framework; name = MetalKit.framework; path = System/Library/Frameworks/MetalKit.framework; sourceTree = SDKROOT; };
		280198D62E1FFB3C008A8683 /* Foundation.framework */ = {isa = PBXFileReference; lastKnownFileType = wrapper.framework; name = Foundation.framework; path = System/Library/Frameworks/Foundation.framework; sourceTree = SDKROOT; };
		2829D6872DF5C6630079E2B5 /* Character.app */ = {isa = PBXFileReference; explicitFileType = wrapper.application; includeInIndex = 0; path = Character.app; sourceTree = BUILT_PRODUCTS_DIR; };
		28371EF92EC9BFC4009FC5DF /* MemoWidgetProvider.swift */ = {isa = PBXFileReference; lastKnownFileType = sourcecode.swift; path = MemoWidgetProvider.swift; sourceTree = "<group>"; };
		28371EFA2EC9BFC4009FC5DF /* TodoWidgetProvider.swift */ = {isa = PBXFileReference; lastKnownFileType = sourcecode.swift; path = TodoWidgetProvider.swift; sourceTree = "<group>"; };
		28371EFD2EC9BFD3009FC5DF /* MemoWidgetView.swift */ = {isa = PBXFileReference; lastKnownFileType = sourcecode.swift; path = MemoWidgetView.swift; sourceTree = "<group>"; };
		28371EFE2EC9BFD3009FC5DF /* TodoWidgetView.swift */ = {isa = PBXFileReference; lastKnownFileType = sourcecode.swift; path = TodoWidgetView.swift; sourceTree = "<group>"; };
		28371F012EC9BFE4009FC5DF /* MemoWidget.swift */ = {isa = PBXFileReference; lastKnownFileType = sourcecode.swift; path = MemoWidget.swift; sourceTree = "<group>"; };
		28371F022EC9BFE4009FC5DF /* TodoWidget.swift */ = {isa = PBXFileReference; lastKnownFileType = sourcecode.swift; path = TodoWidget.swift; sourceTree = "<group>"; };
		28872D882EC9675F00B0BA0A /* CharacterWidgetsExtension.appex */ = {isa = PBXFileReference; explicitFileType = "wrapper.app-extension"; includeInIndex = 0; path = CharacterWidgetsExtension.appex; sourceTree = BUILT_PRODUCTS_DIR; };
		28872D892EC9675F00B0BA0A /* WidgetKit.framework */ = {isa = PBXFileReference; lastKnownFileType = wrapper.framework; name = WidgetKit.framework; path = System/Library/Frameworks/WidgetKit.framework; sourceTree = SDKROOT; };
		28872D8B2EC9675F00B0BA0A /* SwiftUI.framework */ = {isa = PBXFileReference; lastKnownFileType = wrapper.framework; name = SwiftUI.framework; path = System/Library/Frameworks/SwiftUI.framework; sourceTree = SDKROOT; };
		28872DA12EC9679900B0BA0A /* CharacterWidgetsExtension.entitlements */ = {isa = PBXFileReference; lastKnownFileType = text.plist.entitlements; path = CharacterWidgetsExtension.entitlements; sourceTree = "<group>"; };
		28872DB12EC96BB500B0BA0A /* AppGroupConstants.swift */ = {isa = PBXFileReference; lastKnownFileType = sourcecode.swift; path = AppGroupConstants.swift; sourceTree = "<group>"; };
		28872DB42EC96BB500B0BA0A /* Date+Extensions.swift */ = {isa = PBXFileReference; lastKnownFileType = sourcecode.swift; path = "Date+Extensions.swift"; sourceTree = "<group>"; };
		28872EBB2EC9A67200B0BA0A /* WidgetData.swift */ = {isa = PBXFileReference; lastKnownFileType = sourcecode.swift; path = WidgetData.swift; sourceTree = "<group>"; };
		28872EBD2EC9A67200B0BA0A /* CalendarWidgetProvider.swift */ = {isa = PBXFileReference; lastKnownFileType = sourcecode.swift; path = CalendarWidgetProvider.swift; sourceTree = "<group>"; };
		28872EBF2EC9A67200B0BA0A /* ColorExtensions.swift */ = {isa = PBXFileReference; lastKnownFileType = sourcecode.swift; path = ColorExtensions.swift; sourceTree = "<group>"; };
		28872EC02EC9A67200B0BA0A /* WidgetDataCache.swift */ = {isa = PBXFileReference; lastKnownFileType = sourcecode.swift; path = WidgetDataCache.swift; sourceTree = "<group>"; };
		28872EC22EC9A67200B0BA0A /* CalendarWidgetView.swift */ = {isa = PBXFileReference; lastKnownFileType = sourcecode.swift; path = CalendarWidgetView.swift; sourceTree = "<group>"; };
		28872EC42EC9A67200B0BA0A /* CalendarWidget.swift */ = {isa = PBXFileReference; lastKnownFileType = sourcecode.swift; path = CalendarWidget.swift; sourceTree = "<group>"; };
		28872EC62EC9A67200B0BA0A /* Assets.xcassets */ = {isa = PBXFileReference; lastKnownFileType = folder.assetcatalog; path = Assets.xcassets; sourceTree = "<group>"; };
		28872EC72EC9A67200B0BA0A /* CharacterWidgets.swift */ = {isa = PBXFileReference; lastKnownFileType = sourcecode.swift; path = CharacterWidgets.swift; sourceTree = "<group>"; };
		28872EC82EC9A67200B0BA0A /* CharacterWidgetsBundle.swift */ = {isa = PBXFileReference; lastKnownFileType = sourcecode.swift; path = CharacterWidgetsBundle.swift; sourceTree = "<group>"; };
		28872EC92EC9A67200B0BA0A /* CharacterWidgetsControl.swift */ = {isa = PBXFileReference; lastKnownFileType = sourcecode.swift; path = CharacterWidgetsControl.swift; sourceTree = "<group>"; };
		28872ECA2EC9A67200B0BA0A /* CharacterWidgetsLiveActivity.swift */ = {isa = PBXFileReference; lastKnownFileType = sourcecode.swift; path = CharacterWidgetsLiveActivity.swift; sourceTree = "<group>"; };
		28872ECB2EC9A67200B0BA0A /* Info.plist */ = {isa = PBXFileReference; lastKnownFileType = text.plist.xml; path = Info.plist; sourceTree = "<group>"; };
		28C72BAF2E1A2A2700E53571 /* Metal.framework */ = {isa = PBXFileReference; lastKnownFileType = wrapper.framework; name = Metal.framework; path = System/Library/Frameworks/Metal.framework; sourceTree = SDKROOT; };
		28C72BB32E1A2A3C00E53571 /* OpenGLES.framework */ = {isa = PBXFileReference; lastKnownFileType = wrapper.framework; name = OpenGLES.framework; path = System/Library/Frameworks/OpenGLES.framework; sourceTree = SDKROOT; };
		28C72BB52E1A2A4300E53571 /* QuartzCore.framework */ = {isa = PBXFileReference; lastKnownFileType = wrapper.framework; name = QuartzCore.framework; path = System/Library/Frameworks/QuartzCore.framework; sourceTree = SDKROOT; };
/* End PBXFileReference section */

/* Begin PBXFileSystemSynchronizedBuildFileExceptionSet section */
		2829D6A52DF5C8A90079E2B5 /* Exceptions for "Character" folder in "Character" target */ = {
			isa = PBXFileSystemSynchronizedBuildFileExceptionSet;
			membershipExceptions = (
				Info.plist,
			);
			target = 2829D6862DF5C6630079E2B5 /* Character */;
		};
/* End PBXFileSystemSynchronizedBuildFileExceptionSet section */

/* Begin PBXFileSystemSynchronizedRootGroup section */
		2829D6892DF5C6630079E2B5 /* Character */ = {
			isa = PBXFileSystemSynchronizedRootGroup;
			exceptions = (
				2829D6A52DF5C8A90079E2B5 /* Exceptions for "Character" folder in "Character" target */,
			);
			path = Character;
			sourceTree = "<group>";
		};
/* End PBXFileSystemSynchronizedRootGroup section */

/* Begin PBXFrameworksBuildPhase section */
		2829D6842DF5C6630079E2B5 /* Frameworks */ = {
			isa = PBXFrameworksBuildPhase;
			buildActionMask = 2147483647;
			files = (
				2801AC6C2E200AF5008A8683 /* FirebaseAppCheck in Frameworks */,
				280198D72E1FFB3C008A8683 /* Foundation.framework in Frameworks */,
				280198D52E1FFB29008A8683 /* MetalKit.framework in Frameworks */,
				280198D32E1FFB17008A8683 /* Metal.framework in Frameworks */,
				2829D69F2DF5C7AB0079E2B5 /* FirebaseFirestore in Frameworks */,
				28C72BB42E1A2A3C00E53571 /* OpenGLES.framework in Frameworks */,
				28C72BB62E1A2A4400E53571 /* QuartzCore.framework in Frameworks */,
				2829D6A12DF5C7AB0079E2B5 /* FirebaseFunctions in Frameworks */,
				2829D69D2DF5C7AB0079E2B5 /* FirebaseAuth in Frameworks */,
				2829D6992DF5C7AB0079E2B5 /* FirebaseAnalytics in Frameworks */,
				2829D6A32DF5C7AB0079E2B5 /* FirebaseStorage in Frameworks */,
				2829D6A82DF5C9930079E2B5 /* GoogleMobileAds in Frameworks */,
			);
			runOnlyForDeploymentPostprocessing = 0;
		};
		28872D852EC9675F00B0BA0A /* Frameworks */ = {
			isa = PBXFrameworksBuildPhase;
			buildActionMask = 2147483647;
			files = (
				28872D8C2EC9675F00B0BA0A /* SwiftUI.framework in Frameworks */,
				28872D8A2EC9675F00B0BA0A /* WidgetKit.framework in Frameworks */,
			);
			runOnlyForDeploymentPostprocessing = 0;
		};
/* End PBXFrameworksBuildPhase section */

/* Begin PBXGroup section */
		2829D67E2DF5C6630079E2B5 = {
			isa = PBXGroup;
			children = (
				28872DB62EC96BB500B0BA0A /* Shared */,
				28872DA12EC9679900B0BA0A /* CharacterWidgetsExtension.entitlements */,
				2829D6892DF5C6630079E2B5 /* Character */,
				28872ECC2EC9A67200B0BA0A /* CharacterWidgets */,
				2829D6882DF5C6630079E2B5 /* Products */,
				28C72BAE2E1A2A2700E53571 /* Frameworks */,
			);
			sourceTree = "<group>";
		};
		2829D6882DF5C6630079E2B5 /* Products */ = {
			isa = PBXGroup;
			children = (
				2829D6872DF5C6630079E2B5 /* Character.app */,
				28872D882EC9675F00B0BA0A /* CharacterWidgetsExtension.appex */,
			);
			name = Products;
			sourceTree = "<group>";
		};
		28872DB22EC96BB500B0BA0A /* Constants */ = {
			isa = PBXGroup;
			children = (
				28872DB12EC96BB500B0BA0A /* AppGroupConstants.swift */,
			);
			path = Constants;
			sourceTree = "<group>";
		};
		28872DB52EC96BB500B0BA0A /* Extensions */ = {
			isa = PBXGroup;
			children = (
				28872DB42EC96BB500B0BA0A /* Date+Extensions.swift */,
			);
			path = Extensions;
			sourceTree = "<group>";
		};
		28872DB62EC96BB500B0BA0A /* Shared */ = {
			isa = PBXGroup;
			children = (
				28872DB22EC96BB500B0BA0A /* Constants */,
				28872DB52EC96BB500B0BA0A /* Extensions */,
			);
			path = Shared;
			sourceTree = "<group>";
		};
		28872EBC2EC9A67200B0BA0A /* Models */ = {
			isa = PBXGroup;
			children = (
				28872EBB2EC9A67200B0BA0A /* WidgetData.swift */,
			);
			path = Models;
			sourceTree = "<group>";
		};
		28872EBE2EC9A67200B0BA0A /* Providers */ = {
			isa = PBXGroup;
			children = (
				28371EF92EC9BFC4009FC5DF /* MemoWidgetProvider.swift */,
				28371EFA2EC9BFC4009FC5DF /* TodoWidgetProvider.swift */,
				28872EBD2EC9A67200B0BA0A /* CalendarWidgetProvider.swift */,
			);
			path = Providers;
			sourceTree = "<group>";
		};
		28872EC12EC9A67200B0BA0A /* Utils */ = {
			isa = PBXGroup;
			children = (
				28872EBF2EC9A67200B0BA0A /* ColorExtensions.swift */,
				28872EC02EC9A67200B0BA0A /* WidgetDataCache.swift */,
			);
			path = Utils;
			sourceTree = "<group>";
		};
		28872EC32EC9A67200B0BA0A /* Views */ = {
			isa = PBXGroup;
			children = (
				28371EFD2EC9BFD3009FC5DF /* MemoWidgetView.swift */,
				28371EFE2EC9BFD3009FC5DF /* TodoWidgetView.swift */,
				28872EC22EC9A67200B0BA0A /* CalendarWidgetView.swift */,
			);
			path = Views;
			sourceTree = "<group>";
		};
		28872EC52EC9A67200B0BA0A /* Widgets */ = {
			isa = PBXGroup;
			children = (
				28371F012EC9BFE4009FC5DF /* MemoWidget.swift */,
				28371F022EC9BFE4009FC5DF /* TodoWidget.swift */,
				28872EC42EC9A67200B0BA0A /* CalendarWidget.swift */,
			);
			path = Widgets;
			sourceTree = "<group>";
		};
		28872ECC2EC9A67200B0BA0A /* CharacterWidgets */ = {
			isa = PBXGroup;
			children = (
				28872EBC2EC9A67200B0BA0A /* Models */,
				28872EBE2EC9A67200B0BA0A /* Providers */,
				28872EC12EC9A67200B0BA0A /* Utils */,
				28872EC32EC9A67200B0BA0A /* Views */,
				28872EC52EC9A67200B0BA0A /* Widgets */,
				28872EC62EC9A67200B0BA0A /* Assets.xcassets */,
				28872EC72EC9A67200B0BA0A /* CharacterWidgets.swift */,
				28872EC82EC9A67200B0BA0A /* CharacterWidgetsBundle.swift */,
				28872EC92EC9A67200B0BA0A /* CharacterWidgetsControl.swift */,
				28872ECA2EC9A67200B0BA0A /* CharacterWidgetsLiveActivity.swift */,
				28872ECB2EC9A67200B0BA0A /* Info.plist */,
			);
			path = CharacterWidgets;
			sourceTree = "<group>";
		};
		28C72BAE2E1A2A2700E53571 /* Frameworks */ = {
			isa = PBXGroup;
			children = (
				280198D62E1FFB3C008A8683 /* Foundation.framework */,
				280198D42E1FFB29008A8683 /* MetalKit.framework */,
				28C72BB52E1A2A4300E53571 /* QuartzCore.framework */,
				28C72BB32E1A2A3C00E53571 /* OpenGLES.framework */,
				28C72BAF2E1A2A2700E53571 /* Metal.framework */,
				28872D892EC9675F00B0BA0A /* WidgetKit.framework */,
				28872D8B2EC9675F00B0BA0A /* SwiftUI.framework */,
			);
			name = Frameworks;
			sourceTree = "<group>";
		};
/* End PBXGroup section */

/* Begin PBXNativeTarget section */
		2829D6862DF5C6630079E2B5 /* Character */ = {
			isa = PBXNativeTarget;
			buildConfigurationList = 2829D6922DF5C6640079E2B5 /* Build configuration list for PBXNativeTarget "Character" */;
			buildPhases = (
				2829D6832DF5C6630079E2B5 /* Sources */,
				2829D6842DF5C6630079E2B5 /* Frameworks */,
				2829D6852DF5C6630079E2B5 /* Resources */,
				28872DA02EC9676000B0BA0A /* Embed Foundation Extensions */,
			);
			buildRules = (
			);
			dependencies = (
				28872D9A2EC9676000B0BA0A /* PBXTargetDependency */,
			);
			fileSystemSynchronizedGroups = (
				2829D6892DF5C6630079E2B5 /* Character */,
			);
			name = Character;
			packageProductDependencies = (
				2829D6982DF5C7AB0079E2B5 /* FirebaseAnalytics */,
				2829D69A2DF5C7AB0079E2B5 /* FirebaseAppCheck */,
				2829D69C2DF5C7AB0079E2B5 /* FirebaseAuth */,
				2829D69E2DF5C7AB0079E2B5 /* FirebaseFirestore */,
				2829D6A02DF5C7AB0079E2B5 /* FirebaseFunctions */,
				2829D6A22DF5C7AB0079E2B5 /* FirebaseStorage */,
				2829D6A72DF5C9930079E2B5 /* GoogleMobileAds */,
			);
			productName = Character;
			productReference = 2829D6872DF5C6630079E2B5 /* Character.app */;
			productType = "com.apple.product-type.application";
		};
		28872D872EC9675F00B0BA0A /* CharacterWidgetsExtension */ = {
			isa = PBXNativeTarget;
			buildConfigurationList = 28872D9C2EC9676000B0BA0A /* Build configuration list for PBXNativeTarget "CharacterWidgetsExtension" */;
			buildPhases = (
				28872D842EC9675F00B0BA0A /* Sources */,
				28872D852EC9675F00B0BA0A /* Frameworks */,
				28872D862EC9675F00B0BA0A /* Resources */,
			);
			buildRules = (
			);
			dependencies = (
			);
			name = CharacterWidgetsExtension;
			packageProductDependencies = (
			);
			productName = CharacterWidgetsExtension;
			productReference = 28872D882EC9675F00B0BA0A /* CharacterWidgetsExtension.appex */;
			productType = "com.apple.product-type.app-extension";
		};
/* End PBXNativeTarget section */

/* Begin PBXProject section */
		2829D67F2DF5C6630079E2B5 /* Project object */ = {
			isa = PBXProject;
			attributes = {
				BuildIndependentTargetsInParallel = 1;
				LastSwiftUpdateCheck = 2610;
				LastUpgradeCheck = 1640;
				TargetAttributes = {
					2829D6862DF5C6630079E2B5 = {
						CreatedOnToolsVersion = 16.4;
					};
					28872D872EC9675F00B0BA0A = {
						CreatedOnToolsVersion = 26.1.1;
					};
				};
			};
			buildConfigurationList = 2829D6822DF5C6630079E2B5 /* Build configuration list for PBXProject "Character" */;
			developmentRegion = ja;
			hasScannedForEncodings = 0;
			knownRegions = (
				ja,
				en,
				Base,
			);
			mainGroup = 2829D67E2DF5C6630079E2B5;
			minimizedProjectReferenceProxies = 1;
			packageReferences = (
				2829D6972DF5C7AB0079E2B5 /* XCRemoteSwiftPackageReference "firebase-ios-sdk" */,
				2829D6A62DF5C9930079E2B5 /* XCRemoteSwiftPackageReference "swift-package-manager-google-mobile-ads" */,
			);
			preferredProjectObjectVersion = 77;
			productRefGroup = 2829D6882DF5C6630079E2B5 /* Products */;
			projectDirPath = "";
			projectRoot = "";
			targets = (
				2829D6862DF5C6630079E2B5 /* Character */,
				28872D872EC9675F00B0BA0A /* CharacterWidgetsExtension */,
			);
		};
/* End PBXProject section */

/* Begin PBXResourcesBuildPhase section */
		2829D6852DF5C6630079E2B5 /* Resources */ = {
			isa = PBXResourcesBuildPhase;
			buildActionMask = 2147483647;
			files = (
			);
			runOnlyForDeploymentPostprocessing = 0;
		};
		28872D862EC9675F00B0BA0A /* Resources */ = {
			isa = PBXResourcesBuildPhase;
			buildActionMask = 2147483647;
			files = (
				28872ECD2EC9A67200B0BA0A /* Assets.xcassets in Resources */,
			);
			runOnlyForDeploymentPostprocessing = 0;
		};
/* End PBXResourcesBuildPhase section */

/* Begin PBXSourcesBuildPhase section */
		2829D6832DF5C6630079E2B5 /* Sources */ = {
			isa = PBXSourcesBuildPhase;
			buildActionMask = 2147483647;
			files = (
				28872DB72EC96BB500B0BA0A /* AppGroupConstants.swift in Sources */,
				28872DB82EC96BB500B0BA0A /* Date+Extensions.swift in Sources */,
				28872ED92EC9A67200B0BA0A /* WidgetData.swift in Sources */,
			);
			runOnlyForDeploymentPostprocessing = 0;
		};
		28872D842EC9675F00B0BA0A /* Sources */ = {
			isa = PBXSourcesBuildPhase;
			buildActionMask = 2147483647;
			files = (
				28872DBA2EC96BB500B0BA0A /* AppGroupConstants.swift in Sources */,
				28872DBB2EC96BB500B0BA0A /* Date+Extensions.swift in Sources */,
				28872ECF2EC9A67200B0BA0A /* WidgetData.swift in Sources */,
				28872ED02EC9A67200B0BA0A /* CalendarWidgetProvider.swift in Sources */,
				28371EFB2EC9BFC4009FC5DF /* MemoWidgetProvider.swift in Sources */,
				28371EFC2EC9BFC4009FC5DF /* TodoWidgetProvider.swift in Sources */,
				28371F032EC9BFE4009FC5DF /* MemoWidget.swift in Sources */,
				28371F042EC9BFE4009FC5DF /* TodoWidget.swift in Sources */,
				28872ED12EC9A67200B0BA0A /* ColorExtensions.swift in Sources */,
				28872ED22EC9A67200B0BA0A /* WidgetDataCache.swift in Sources */,
				28371EFF2EC9BFD3009FC5DF /* MemoWidgetView.swift in Sources */,
				28371F002EC9BFD3009FC5DF /* TodoWidgetView.swift in Sources */,
				28872ED32EC9A67200B0BA0A /* CalendarWidgetView.swift in Sources */,
				28872ED42EC9A67200B0BA0A /* CalendarWidget.swift in Sources */,
				28872ED62EC9A67200B0BA0A /* CharacterWidgetsBundle.swift in Sources */,
			);
			runOnlyForDeploymentPostprocessing = 0;
		};
/* End PBXSourcesBuildPhase section */

/* Begin PBXTargetDependency section */
		28872D9A2EC9676000B0BA0A /* PBXTargetDependency */ = {
			isa = PBXTargetDependency;
			target = 28872D872EC9675F00B0BA0A /* CharacterWidgetsExtension */;
			targetProxy = 28872D992EC9676000B0BA0A /* PBXContainerItemProxy */;
		};
/* End PBXTargetDependency section */

/* Begin XCBuildConfiguration section */
		2829D6902DF5C6640079E2B5 /* Debug */ = {
			isa = XCBuildConfiguration;
			buildSettings = {
				ALWAYS_SEARCH_USER_PATHS = NO;
				ASSETCATALOG_COMPILER_GENERATE_SWIFT_ASSET_SYMBOL_EXTENSIONS = YES;
				CLANG_ANALYZER_NONNULL = YES;
				CLANG_ANALYZER_NUMBER_OBJECT_CONVERSION = YES_AGGRESSIVE;
				CLANG_CXX_LANGUAGE_STANDARD = "gnu++20";
				CLANG_ENABLE_MODULES = YES;
				CLANG_ENABLE_OBJC_ARC = YES;
				CLANG_ENABLE_OBJC_WEAK = YES;
				CLANG_WARN_BLOCK_CAPTURE_AUTORELEASING = YES;
				CLANG_WARN_BOOL_CONVERSION = YES;
				CLANG_WARN_COMMA = YES;
				CLANG_WARN_CONSTANT_CONVERSION = YES;
				CLANG_WARN_DEPRECATED_OBJC_IMPLEMENTATIONS = YES;
				CLANG_WARN_DIRECT_OBJC_ISA_USAGE = YES_ERROR;
				CLANG_WARN_DOCUMENTATION_COMMENTS = YES;
				CLANG_WARN_EMPTY_BODY = YES;
				CLANG_WARN_ENUM_CONVERSION = YES;
				CLANG_WARN_INFINITE_RECURSION = YES;
				CLANG_WARN_INT_CONVERSION = YES;
				CLANG_WARN_NON_LITERAL_NULL_CONVERSION = YES;
				CLANG_WARN_OBJC_IMPLICIT_RETAIN_SELF = YES;
				CLANG_WARN_OBJC_LITERAL_CONVERSION = YES;
				CLANG_WARN_OBJC_ROOT_CLASS = YES_ERROR;
				CLANG_WARN_QUOTED_INCLUDE_IN_FRAMEWORK_HEADER = YES;
				CLANG_WARN_RANGE_LOOP_ANALYSIS = YES;
				CLANG_WARN_STRICT_PROTOTYPES = YES;
				CLANG_WARN_SUSPICIOUS_MOVE = YES;
				CLANG_WARN_UNGUARDED_AVAILABILITY = YES_AGGRESSIVE;
				CLANG_WARN_UNREACHABLE_CODE = YES;
				CLANG_WARN__DUPLICATE_METHOD_MATCH = YES;
				COPY_PHASE_STRIP = NO;
				DEBUG_INFORMATION_FORMAT = dwarf;
				DEVELOPMENT_TEAM = UYP6X4YKVM;
				ENABLE_STRICT_OBJC_MSGSEND = YES;
				ENABLE_TESTABILITY = YES;
				ENABLE_USER_SCRIPT_SANDBOXING = YES;
				GCC_C_LANGUAGE_STANDARD = gnu17;
				GCC_DYNAMIC_NO_PIC = NO;
				GCC_NO_COMMON_BLOCKS = YES;
				GCC_OPTIMIZATION_LEVEL = 0;
				GCC_PREPROCESSOR_DEFINITIONS = (
					"DEBUG=1",
					"$(inherited)",
				);
				GCC_WARN_64_TO_32_BIT_CONVERSION = YES;
				GCC_WARN_ABOUT_RETURN_TYPE = YES_ERROR;
				GCC_WARN_UNDECLARED_SELECTOR = YES;
				GCC_WARN_UNINITIALIZED_AUTOS = YES_AGGRESSIVE;
				GCC_WARN_UNUSED_FUNCTION = YES;
				GCC_WARN_UNUSED_VARIABLE = YES;
				IPHONEOS_DEPLOYMENT_TARGET = 16.0;
				LIBRARY_SEARCH_PATHS = "";
				LOCALIZATION_PREFERS_STRING_CATALOGS = YES;
				MTL_ENABLE_DEBUG_INFO = INCLUDE_SOURCE;
				MTL_FAST_MATH = YES;
				ONLY_ACTIVE_ARCH = YES;
				OTHER_LDFLAGS = "";
				SDKROOT = iphoneos;
				SWIFT_ACTIVE_COMPILATION_CONDITIONS = "DEBUG $(inherited)";
				SWIFT_OPTIMIZATION_LEVEL = "-Onone";
			};
			name = Debug;
		};
		2829D6912DF5C6640079E2B5 /* Release */ = {
			isa = XCBuildConfiguration;
			buildSettings = {
				ALWAYS_SEARCH_USER_PATHS = NO;
				ASSETCATALOG_COMPILER_GENERATE_SWIFT_ASSET_SYMBOL_EXTENSIONS = YES;
				CLANG_ANALYZER_NONNULL = YES;
				CLANG_ANALYZER_NUMBER_OBJECT_CONVERSION = YES_AGGRESSIVE;
				CLANG_CXX_LANGUAGE_STANDARD = "gnu++20";
				CLANG_ENABLE_MODULES = YES;
				CLANG_ENABLE_OBJC_ARC = YES;
				CLANG_ENABLE_OBJC_WEAK = YES;
				CLANG_WARN_BLOCK_CAPTURE_AUTORELEASING = YES;
				CLANG_WARN_BOOL_CONVERSION = YES;
				CLANG_WARN_COMMA = YES;
				CLANG_WARN_CONSTANT_CONVERSION = YES;
				CLANG_WARN_DEPRECATED_OBJC_IMPLEMENTATIONS = YES;
				CLANG_WARN_DIRECT_OBJC_ISA_USAGE = YES_ERROR;
				CLANG_WARN_DOCUMENTATION_COMMENTS = YES;
				CLANG_WARN_EMPTY_BODY = YES;
				CLANG_WARN_ENUM_CONVERSION = YES;
				CLANG_WARN_INFINITE_RECURSION = YES;
				CLANG_WARN_INT_CONVERSION = YES;
				CLANG_WARN_NON_LITERAL_NULL_CONVERSION = YES;
				CLANG_WARN_OBJC_IMPLICIT_RETAIN_SELF = YES;
				CLANG_WARN_OBJC_LITERAL_CONVERSION = YES;
				CLANG_WARN_OBJC_ROOT_CLASS = YES_ERROR;
				CLANG_WARN_QUOTED_INCLUDE_IN_FRAMEWORK_HEADER = YES;
				CLANG_WARN_RANGE_LOOP_ANALYSIS = YES;
				CLANG_WARN_STRICT_PROTOTYPES = YES;
				CLANG_WARN_SUSPICIOUS_MOVE = YES;
				CLANG_WARN_UNGUARDED_AVAILABILITY = YES_AGGRESSIVE;
				CLANG_WARN_UNREACHABLE_CODE = YES;
				CLANG_WARN__DUPLICATE_METHOD_MATCH = YES;
				COPY_PHASE_STRIP = NO;
				DEBUG_INFORMATION_FORMAT = "dwarf-with-dsym";
				DEVELOPMENT_TEAM = UYP6X4YKVM;
				ENABLE_NS_ASSERTIONS = NO;
				ENABLE_STRICT_OBJC_MSGSEND = YES;
				ENABLE_USER_SCRIPT_SANDBOXING = YES;
				GCC_C_LANGUAGE_STANDARD = gnu17;
				GCC_NO_COMMON_BLOCKS = YES;
				GCC_WARN_64_TO_32_BIT_CONVERSION = YES;
				GCC_WARN_ABOUT_RETURN_TYPE = YES_ERROR;
				GCC_WARN_UNDECLARED_SELECTOR = YES;
				GCC_WARN_UNINITIALIZED_AUTOS = YES_AGGRESSIVE;
				GCC_WARN_UNUSED_FUNCTION = YES;
				GCC_WARN_UNUSED_VARIABLE = YES;
				IPHONEOS_DEPLOYMENT_TARGET = 16.0;
				LIBRARY_SEARCH_PATHS = "";
				LOCALIZATION_PREFERS_STRING_CATALOGS = YES;
				MTL_ENABLE_DEBUG_INFO = NO;
				MTL_FAST_MATH = YES;
				OTHER_LDFLAGS = "";
				SDKROOT = iphoneos;
				SWIFT_COMPILATION_MODE = wholemodule;
				VALIDATE_PRODUCT = YES;
			};
			name = Release;
		};
		2829D6932DF5C6640079E2B5 /* Debug */ = {
			isa = XCBuildConfiguration;
			buildSettings = {
				ASSETCATALOG_COMPILER_APPICON_NAME = AppIcon;
				ASSETCATALOG_COMPILER_GLOBAL_ACCENT_COLOR_NAME = AccentColor;
				CODE_SIGN_ENTITLEMENTS = Character/Character.entitlements;
				CODE_SIGN_STYLE = Automatic;
				CURRENT_PROJECT_VERSION = 1;
				DEVELOPMENT_TEAM = UYP6X4YKVM;
				ENABLE_PREVIEWS = YES;
				GENERATE_INFOPLIST_FILE = YES;
				INFOPLIST_FILE = Character/Info.plist;
				INFOPLIST_KEY_UIApplicationSceneManifest_Generation = YES;
				INFOPLIST_KEY_UIApplicationSupportsIndirectInputEvents = YES;
				INFOPLIST_KEY_UILaunchScreen_Generation = YES;
				INFOPLIST_KEY_UISupportedInterfaceOrientations_iPad = "UIInterfaceOrientationPortrait UIInterfaceOrientationPortraitUpsideDown UIInterfaceOrientationLandscapeLeft UIInterfaceOrientationLandscapeRight";
				INFOPLIST_KEY_UISupportedInterfaceOrientations_iPhone = "UIInterfaceOrientationPortrait UIInterfaceOrientationLandscapeLeft UIInterfaceOrientationLandscapeRight";
				IPHONEOS_DEPLOYMENT_TARGET = 16.0;
				LD_RUNPATH_SEARCH_PATHS = (
					"$(inherited)",
					"@executable_path/Frameworks",
				);
				LIBRARY_SEARCH_PATHS = "$(inherited)";
				MARKETING_VERSION = 1.3.0;
				ONLY_ACTIVE_ARCH = NO;
				PRODUCT_BUNDLE_IDENTIFIER = com.Derao.Character;
				PRODUCT_NAME = "$(TARGET_NAME)";
				SWIFT_EMIT_LOC_STRINGS = YES;
				SWIFT_VERSION = 5.0;
				TARGETED_DEVICE_FAMILY = "1,2";
			};
			name = Debug;
		};
		2829D6942DF5C6640079E2B5 /* Release */ = {
			isa = XCBuildConfiguration;
			buildSettings = {
				ASSETCATALOG_COMPILER_APPICON_NAME = AppIcon;
				ASSETCATALOG_COMPILER_GLOBAL_ACCENT_COLOR_NAME = AccentColor;
				CODE_SIGN_ENTITLEMENTS = Character/Character.entitlements;
				CODE_SIGN_STYLE = Automatic;
				CURRENT_PROJECT_VERSION = 1;
				DEVELOPMENT_TEAM = UYP6X4YKVM;
				ENABLE_PREVIEWS = YES;
				GENERATE_INFOPLIST_FILE = YES;
				INFOPLIST_FILE = Character/Info.plist;
				INFOPLIST_KEY_UIApplicationSceneManifest_Generation = YES;
				INFOPLIST_KEY_UIApplicationSupportsIndirectInputEvents = YES;
				INFOPLIST_KEY_UILaunchScreen_Generation = YES;
				INFOPLIST_KEY_UISupportedInterfaceOrientations_iPad = "UIInterfaceOrientationPortrait UIInterfaceOrientationPortraitUpsideDown UIInterfaceOrientationLandscapeLeft UIInterfaceOrientationLandscapeRight";
				INFOPLIST_KEY_UISupportedInterfaceOrientations_iPhone = "UIInterfaceOrientationPortrait UIInterfaceOrientationLandscapeLeft UIInterfaceOrientationLandscapeRight";
				IPHONEOS_DEPLOYMENT_TARGET = 16.0;
				LD_RUNPATH_SEARCH_PATHS = (
					"$(inherited)",
					"@executable_path/Frameworks",
				);
				LIBRARY_SEARCH_PATHS = "$(inherited)";
				MARKETING_VERSION = 1.3.0;
				PRODUCT_BUNDLE_IDENTIFIER = com.Derao.Character;
				PRODUCT_NAME = "$(TARGET_NAME)";
				SWIFT_EMIT_LOC_STRINGS = YES;
				SWIFT_VERSION = 5.0;
				TARGETED_DEVICE_FAMILY = "1,2";
			};
			name = Release;
		};
		28872D9D2EC9676000B0BA0A /* Debug */ = {
			isa = XCBuildConfiguration;
			buildSettings = {
				ASSETCATALOG_COMPILER_GLOBAL_ACCENT_COLOR_NAME = AccentColor;
				ASSETCATALOG_COMPILER_WIDGET_BACKGROUND_COLOR_NAME = WidgetBackground;
				CODE_SIGN_ENTITLEMENTS = CharacterWidgetsExtension.entitlements;
				CODE_SIGN_STYLE = Automatic;
				CURRENT_PROJECT_VERSION = 8;
				DEVELOPMENT_TEAM = UYP6X4YKVM;
				GENERATE_INFOPLIST_FILE = YES;
				INFOPLIST_FILE = CharacterWidgets/Info.plist;
				INFOPLIST_KEY_CFBundleDisplayName = CharacterWidgets;
				INFOPLIST_KEY_NSHumanReadableCopyright = "";
				IPHONEOS_DEPLOYMENT_TARGET = 16.0;
				LD_RUNPATH_SEARCH_PATHS = (
					"$(inherited)",
					"@executable_path/Frameworks",
					"@executable_path/../../Frameworks",
				);
				MARKETING_VERSION = 1.0;
				PRODUCT_BUNDLE_IDENTIFIER = com.Derao.Character.CharacterWidgets;
				PRODUCT_NAME = "$(TARGET_NAME)";
				SKIP_INSTALL = YES;
				STRING_CATALOG_GENERATE_SYMBOLS = YES;
				SWIFT_APPROACHABLE_CONCURRENCY = YES;
				SWIFT_EMIT_LOC_STRINGS = YES;
				SWIFT_UPCOMING_FEATURE_MEMBER_IMPORT_VISIBILITY = YES;
				SWIFT_VERSION = 5.0;
				TARGETED_DEVICE_FAMILY = "1,2";
			};
			name = Debug;
		};
		28872D9E2EC9676000B0BA0A /* Release */ = {
			isa = XCBuildConfiguration;
			buildSettings = {
				ASSETCATALOG_COMPILER_GLOBAL_ACCENT_COLOR_NAME = AccentColor;
				ASSETCATALOG_COMPILER_WIDGET_BACKGROUND_COLOR_NAME = WidgetBackground;
				CODE_SIGN_ENTITLEMENTS = CharacterWidgetsExtension.entitlements;
				CODE_SIGN_STYLE = Automatic;
				CURRENT_PROJECT_VERSION = 8;
				DEVELOPMENT_TEAM = UYP6X4YKVM;
				GENERATE_INFOPLIST_FILE = YES;
				INFOPLIST_FILE = CharacterWidgets/Info.plist;
				INFOPLIST_KEY_CFBundleDisplayName = CharacterWidgets;
				INFOPLIST_KEY_NSHumanReadableCopyright = "";
				IPHONEOS_DEPLOYMENT_TARGET = 16.0;
				LD_RUNPATH_SEARCH_PATHS = (
					"$(inherited)",
					"@executable_path/Frameworks",
					"@executable_path/../../Frameworks",
				);
				MARKETING_VERSION = 1.0;
				PRODUCT_BUNDLE_IDENTIFIER = com.Derao.Character.CharacterWidgets;
				PRODUCT_NAME = "$(TARGET_NAME)";
				SKIP_INSTALL = YES;
				STRING_CATALOG_GENERATE_SYMBOLS = YES;
				SWIFT_APPROACHABLE_CONCURRENCY = YES;
				SWIFT_EMIT_LOC_STRINGS = YES;
				SWIFT_UPCOMING_FEATURE_MEMBER_IMPORT_VISIBILITY = YES;
				SWIFT_VERSION = 5.0;
				TARGETED_DEVICE_FAMILY = "1,2";
			};
			name = Release;
		};
/* End XCBuildConfiguration section */

/* Begin XCConfigurationList section */
		2829D6822DF5C6630079E2B5 /* Build configuration list for PBXProject "Character" */ = {
			isa = XCConfigurationList;
			buildConfigurations = (
				2829D6902DF5C6640079E2B5 /* Debug */,
				2829D6912DF5C6640079E2B5 /* Release */,
			);
			defaultConfigurationIsVisible = 0;
			defaultConfigurationName = Release;
		};
		2829D6922DF5C6640079E2B5 /* Build configuration list for PBXNativeTarget "Character" */ = {
			isa = XCConfigurationList;
			buildConfigurations = (
				2829D6932DF5C6640079E2B5 /* Debug */,
				2829D6942DF5C6640079E2B5 /* Release */,
			);
			defaultConfigurationIsVisible = 0;
			defaultConfigurationName = Release;
		};
		28872D9C2EC9676000B0BA0A /* Build configuration list for PBXNativeTarget "CharacterWidgetsExtension" */ = {
			isa = XCConfigurationList;
			buildConfigurations = (
				28872D9D2EC9676000B0BA0A /* Debug */,
				28872D9E2EC9676000B0BA0A /* Release */,
			);
			defaultConfigurationIsVisible = 0;
			defaultConfigurationName = Release;
		};
/* End XCConfigurationList section */

/* Begin XCRemoteSwiftPackageReference section */
		2829D6972DF5C7AB0079E2B5 /* XCRemoteSwiftPackageReference "firebase-ios-sdk" */ = {
			isa = XCRemoteSwiftPackageReference;
			repositoryURL = "https://github.com/firebase/firebase-ios-sdk.git";
			requirement = {
				kind = upToNextMajorVersion;
				minimumVersion = 11.14.0;
			};
		};
		2829D6A62DF5C9930079E2B5 /* XCRemoteSwiftPackageReference "swift-package-manager-google-mobile-ads" */ = {
			isa = XCRemoteSwiftPackageReference;
			repositoryURL = "https://github.com/googleads/swift-package-manager-google-mobile-ads";
			requirement = {
				kind = upToNextMajorVersion;
				minimumVersion = 12.5.0;
			};
		};
/* End XCRemoteSwiftPackageReference section */

/* Begin XCSwiftPackageProductDependency section */
		2829D6982DF5C7AB0079E2B5 /* FirebaseAnalytics */ = {
			isa = XCSwiftPackageProductDependency;
			package = 2829D6972DF5C7AB0079E2B5 /* XCRemoteSwiftPackageReference "firebase-ios-sdk" */;
			productName = FirebaseAnalytics;
		};
		2829D69A2DF5C7AB0079E2B5 /* FirebaseAppCheck */ = {
			isa = XCSwiftPackageProductDependency;
			package = 2829D6972DF5C7AB0079E2B5 /* XCRemoteSwiftPackageReference "firebase-ios-sdk" */;
			productName = FirebaseAppCheck;
		};
		2829D69C2DF5C7AB0079E2B5 /* FirebaseAuth */ = {
			isa = XCSwiftPackageProductDependency;
			package = 2829D6972DF5C7AB0079E2B5 /* XCRemoteSwiftPackageReference "firebase-ios-sdk" */;
			productName = FirebaseAuth;
		};
		2829D69E2DF5C7AB0079E2B5 /* FirebaseFirestore */ = {
			isa = XCSwiftPackageProductDependency;
			package = 2829D6972DF5C7AB0079E2B5 /* XCRemoteSwiftPackageReference "firebase-ios-sdk" */;
			productName = FirebaseFirestore;
		};
		2829D6A02DF5C7AB0079E2B5 /* FirebaseFunctions */ = {
			isa = XCSwiftPackageProductDependency;
			package = 2829D6972DF5C7AB0079E2B5 /* XCRemoteSwiftPackageReference "firebase-ios-sdk" */;
			productName = FirebaseFunctions;
		};
		2829D6A22DF5C7AB0079E2B5 /* FirebaseStorage */ = {
			isa = XCSwiftPackageProductDependency;
			package = 2829D6972DF5C7AB0079E2B5 /* XCRemoteSwiftPackageReference "firebase-ios-sdk" */;
			productName = FirebaseStorage;
		};
		2829D6A72DF5C9930079E2B5 /* GoogleMobileAds */ = {
			isa = XCSwiftPackageProductDependency;
			package = 2829D6A62DF5C9930079E2B5 /* XCRemoteSwiftPackageReference "swift-package-manager-google-mobile-ads" */;
			productName = GoogleMobileAds;
		};
/* End XCSwiftPackageProductDependency section */
	};
	rootObject = 2829D67F2DF5C6630079E2B5 /* Project object */;
}
