// !$*UTF8*$!
{
	archiveVersion = 1;
	classes = {
	};
	objectVersion = 77;
	objects = {

/* Begin PBXBuildFile section */
		280198D32E1FFB17008A8683 /* Metal.framework in Frameworks */ = {isa = PBXBuildFile; fileRef = 28C72BAF2E1A2A2700E53571 /* Metal.framework */; };
		280198D52E1FFB29008A8683 /* MetalKit.framework in Frameworks */ = {isa = PBXBuildFile; fileRef = 280198D42E1FFB29008A8683 /* MetalKit.framework */; };
		280198D72E1FFB3C008A8683 /* Foundation.framework in Frameworks */ = {isa = PBXBuildFile; fileRef = 280198D62E1FFB3C008A8683 /* Foundation.framework */; };
		2801AC6C2E200AF5008A8683 /* FirebaseAppCheck in Frameworks */ = {isa = PBXBuildFile; productRef = 2829D69A2DF5C7AB0079E2B5 /* FirebaseAppCheck */; };
		2829D6992DF5C7AB0079E2B5 /* FirebaseAnalytics in Frameworks */ = {isa = PBXBuildFile; productRef = 2829D6982DF5C7AB0079E2B5 /* FirebaseAnalytics */; };
		2829D69D2DF5C7AB0079E2B5 /* FirebaseAuth in Frameworks */ = {isa = PBXBuildFile; productRef = 2829D69C2DF5C7AB0079E2B5 /* FirebaseAuth */; };
		2829D69F2DF5C7AB0079E2B5 /* FirebaseFirestore in Frameworks */ = {isa = PBXBuildFile; productRef = 2829D69E2DF5C7AB0079E2B5 /* FirebaseFirestore */; };
		2829D6A12DF5C7AB0079E2B5 /* FirebaseFunctions in Frameworks */ = {isa = PBXBuildFile; productRef = 2829D6A02DF5C7AB0079E2B5 /* FirebaseFunctions */; };
		2829D6A32DF5C7AB0079E2B5 /* FirebaseStorage in Frameworks */ = {isa = PBXBuildFile; productRef = 2829D6A22DF5C7AB0079E2B5 /* FirebaseStorage */; };
		2829D6A82DF5C9930079E2B5 /* GoogleMobileAds in Frameworks */ = {isa = PBXBuildFile; productRef = 2829D6A72DF5C9930079E2B5 /* GoogleMobileAds */; };
		28C72BB42E1A2A3C00E53571 /* OpenGLES.framework in Frameworks */ = {isa = PBXBuildFile; fileRef = 28C72BB32E1A2A3C00E53571 /* OpenGLES.framework */; };
		28C72BB62E1A2A4400E53571 /* QuartzCore.framework in Frameworks */ = {isa = PBXBuildFile; fileRef = 28C72BB52E1A2A4300E53571 /* QuartzCore.framework */; };
/* End PBXBuildFile section */

/* Begin PBXFileReference section */
		280198D42E1FFB29008A8683 /* MetalKit.framework */ = {isa = PBXFileReference; lastKnownFileType = wrapper.framework; name = MetalKit.framework; path = System/Library/Frameworks/MetalKit.framework; sourceTree = SDKROOT; };
		280198D62E1FFB3C008A8683 /* Foundation.framework */ = {isa = PBXFileReference; lastKnownFileType = wrapper.framework; name = Foundation.framework; path = System/Library/Frameworks/Foundation.framework; sourceTree = SDKROOT; };
		2829D6872DF5C6630079E2B5 /* Character.app */ = {isa = PBXFileReference; explicitFileType = wrapper.application; includeInIndex = 0; path = Character.app; sourceTree = BUILT_PRODUCTS_DIR; };
		28C72BAF2E1A2A2700E53571 /* Metal.framework */ = {isa = PBXFileReference; lastKnownFileType = wrapper.framework; name = Metal.framework; path = System/Library/Frameworks/Metal.framework; sourceTree = SDKROOT; };
		28C72BB32E1A2A3C00E53571 /* OpenGLES.framework */ = {isa = PBXFileReference; lastKnownFileType = wrapper.framework; name = OpenGLES.framework; path = System/Library/Frameworks/OpenGLES.framework; sourceTree = SDKROOT; };
		28C72BB52E1A2A4300E53571 /* QuartzCore.framework */ = {isa = PBXFileReference; lastKnownFileType = wrapper.framework; name = QuartzCore.framework; path = System/Library/Frameworks/QuartzCore.framework; sourceTree = SDKROOT; };
/* End PBXFileReference section */

/* Begin PBXFileSystemSynchronizedBuildFileExceptionSet section */
		2829D6A52DF5C8A90079E2B5 /* Exceptions for "Character" folder in "Character" target */ = {
			isa = PBXFileSystemSynchronizedBuildFileExceptionSet;
			membershipExceptions = (
				Info.plist,
			);
			target = 2829D6862DF5C6630079E2B5 /* Character */;
		};
/* End PBXFileSystemSynchronizedBuildFileExceptionSet section */

/* Begin PBXFileSystemSynchronizedRootGroup section */
		2829D6892DF5C6630079E2B5 /* Character */ = {
			isa = PBXFileSystemSynchronizedRootGroup;
			exceptions = (
				2829D6A52DF5C8A90079E2B5 /* Exceptions for "Character" folder in "Character" target */,
			);
			path = Character;
			sourceTree = "<group>";
		};
/* End PBXFileSystemSynchronizedRootGroup section */

/* Begin PBXFrameworksBuildPhase section */
		2829D6842DF5C6630079E2B5 /* Frameworks */ = {
			isa = PBXFrameworksBuildPhase;
			buildActionMask = 2147483647;
			files = (
				2801AC6C2E200AF5008A8683 /* FirebaseAppCheck in Frameworks */,
				280198D72E1FFB3C008A8683 /* Foundation.framework in Frameworks */,
				280198D52E1FFB29008A8683 /* MetalKit.framework in Frameworks */,
				280198D32E1FFB17008A8683 /* Metal.framework in Frameworks */,
				2829D69F2DF5C7AB0079E2B5 /* FirebaseFirestore in Frameworks */,
				28C72BB42E1A2A3C00E53571 /* OpenGLES.framework in Frameworks */,
				28C72BB62E1A2A4400E53571 /* QuartzCore.framework in Frameworks */,
				2829D6A12DF5C7AB0079E2B5 /* FirebaseFunctions in Frameworks */,
				2829D69D2DF5C7AB0079E2B5 /* FirebaseAuth in Frameworks */,
				2829D6992DF5C7AB0079E2B5 /* FirebaseAnalytics in Frameworks */,
				2829D6A32DF5C7AB0079E2B5 /* FirebaseStorage in Frameworks */,
				2829D6A82DF5C9930079E2B5 /* GoogleMobileAds in Frameworks */,
			);
			runOnlyForDeploymentPostprocessing = 0;
		};
/* End PBXFrameworksBuildPhase section */

/* Begin PBXGroup section */
		2829D67E2DF5C6630079E2B5 = {
			isa = PBXGroup;
			children = (
				2829D6892DF5C6630079E2B5 /* Character */,
				2829D6882DF5C6630079E2B5 /* Products */,
				28C72BAE2E1A2A2700E53571 /* Frameworks */,
			);
			sourceTree = "<group>";
		};
		2829D6882DF5C6630079E2B5 /* Products */ = {
			isa = PBXGroup;
			children = (
				2829D6872DF5C6630079E2B5 /* Character.app */,
			);
			name = Products;
			sourceTree = "<group>";
		};
		28C72BAE2E1A2A2700E53571 /* Frameworks */ = {
			isa = PBXGroup;
			children = (
				280198D62E1FFB3C008A8683 /* Foundation.framework */,
				280198D42E1FFB29008A8683 /* MetalKit.framework */,
				28C72BB52E1A2A4300E53571 /* QuartzCore.framework */,
				28C72BB32E1A2A3C00E53571 /* OpenGLES.framework */,
				28C72BAF2E1A2A2700E53571 /* Metal.framework */,
			);
			name = Frameworks;
			sourceTree = "<group>";
		};
/* End PBXGroup section */

/* Begin PBXNativeTarget section */
		2829D6862DF5C6630079E2B5 /* Character */ = {
			isa = PBXNativeTarget;
			buildConfigurationList = 2829D6922DF5C6640079E2B5 /* Build configuration list for PBXNativeTarget "Character" */;
			buildPhases = (
				2829D6832DF5C6630079E2B5 /* Sources */,
				2829D6842DF5C6630079E2B5 /* Frameworks */,
				2829D6852DF5C6630079E2B5 /* Resources */,
			);
			buildRules = (
			);
			dependencies = (
			);
			fileSystemSynchronizedGroups = (
				2829D6892DF5C6630079E2B5 /* Character */,
			);
			name = Character;
			packageProductDependencies = (
				2829D6982DF5C7AB0079E2B5 /* FirebaseAnalytics */,
				2829D69A2DF5C7AB0079E2B5 /* FirebaseAppCheck */,
				2829D69C2DF5C7AB0079E2B5 /* FirebaseAuth */,
				2829D69E2DF5C7AB0079E2B5 /* FirebaseFirestore */,
				2829D6A02DF5C7AB0079E2B5 /* FirebaseFunctions */,
				2829D6A22DF5C7AB0079E2B5 /* FirebaseStorage */,
				2829D6A72DF5C9930079E2B5 /* GoogleMobileAds */,
			);
			productName = Character;
			productReference = 2829D6872DF5C6630079E2B5 /* Character.app */;
			productType = "com.apple.product-type.application";
		};
/* End PBXNativeTarget section */

/* Begin PBXProject section */
		2829D67F2DF5C6630079E2B5 /* Project object */ = {
			isa = PBXProject;
			attributes = {
				BuildIndependentTargetsInParallel = 1;
				LastSwiftUpdateCheck = 1640;
				LastUpgradeCheck = 1640;
				TargetAttributes = {
					2829D6862DF5C6630079E2B5 = {
						CreatedOnToolsVersion = 16.4;
					};
				};
			};
			buildConfigurationList = 2829D6822DF5C6630079E2B5 /* Build configuration list for PBXProject "Character" */;
			developmentRegion = ja;
			hasScannedForEncodings = 0;
			knownRegions = (
				ja,
				en,
				Base,
			);
			mainGroup = 2829D67E2DF5C6630079E2B5;
			minimizedProjectReferenceProxies = 1;
			packageReferences = (
				2829D6972DF5C7AB0079E2B5 /* XCRemoteSwiftPackageReference "firebase-ios-sdk" */,
				2829D6A62DF5C9930079E2B5 /* XCRemoteSwiftPackageReference "swift-package-manager-google-mobile-ads" */,
			);
			preferredProjectObjectVersion = 77;
			productRefGroup = 2829D6882DF5C6630079E2B5 /* Products */;
			projectDirPath = "";
			projectRoot = "";
			targets = (
				2829D6862DF5C6630079E2B5 /* Character */,
			);
		};
/* End PBXProject section */

/* Begin PBXResourcesBuildPhase section */
		2829D6852DF5C6630079E2B5 /* Resources */ = {
			isa = PBXResourcesBuildPhase;
			buildActionMask = 2147483647;
			files = (
			);
			runOnlyForDeploymentPostprocessing = 0;
		};
/* End PBXResourcesBuildPhase section */

/* Begin PBXSourcesBuildPhase section */
		2829D6832DF5C6630079E2B5 /* Sources */ = {
			isa = PBXSourcesBuildPhase;
			buildActionMask = 2147483647;
			files = (
			);
			runOnlyForDeploymentPostprocessing = 0;
		};
/* End PBXSourcesBuildPhase section */

/* Begin XCBuildConfiguration section */
		2829D6902DF5C6640079E2B5 /* Debug */ = {
			isa = XCBuildConfiguration;
			buildSettings = {
				ALWAYS_SEARCH_USER_PATHS = NO;
				ASSETCATALOG_COMPILER_GENERATE_SWIFT_ASSET_SYMBOL_EXTENSIONS = YES;
				CLANG_ANALYZER_NONNULL = YES;
				CLANG_ANALYZER_NUMBER_OBJECT_CONVERSION = YES_AGGRESSIVE;
				CLANG_CXX_LANGUAGE_STANDARD = "gnu++20";
				CLANG_ENABLE_MODULES = YES;
				CLANG_ENABLE_OBJC_ARC = YES;
				CLANG_ENABLE_OBJC_WEAK = YES;
				CLANG_WARN_BLOCK_CAPTURE_AUTORELEASING = YES;
				CLANG_WARN_BOOL_CONVERSION = YES;
				CLANG_WARN_COMMA = YES;
				CLANG_WARN_CONSTANT_CONVERSION = YES;
				CLANG_WARN_DEPRECATED_OBJC_IMPLEMENTATIONS = YES;
				CLANG_WARN_DIRECT_OBJC_ISA_USAGE = YES_ERROR;
				CLANG_WARN_DOCUMENTATION_COMMENTS = YES;
				CLANG_WARN_EMPTY_BODY = YES;
				CLANG_WARN_ENUM_CONVERSION = YES;
				CLANG_WARN_INFINITE_RECURSION = YES;
				CLANG_WARN_INT_CONVERSION = YES;
				CLANG_WARN_NON_LITERAL_NULL_CONVERSION = YES;
				CLANG_WARN_OBJC_IMPLICIT_RETAIN_SELF = YES;
				CLANG_WARN_OBJC_LITERAL_CONVERSION = YES;
				CLANG_WARN_OBJC_ROOT_CLASS = YES_ERROR;
				CLANG_WARN_QUOTED_INCLUDE_IN_FRAMEWORK_HEADER = YES;
				CLANG_WARN_RANGE_LOOP_ANALYSIS = YES;
				CLANG_WARN_STRICT_PROTOTYPES = YES;
				CLANG_WARN_SUSPICIOUS_MOVE = YES;
				CLANG_WARN_UNGUARDED_AVAILABILITY = YES_AGGRESSIVE;
				CLANG_WARN_UNREACHABLE_CODE = YES;
				CLANG_WARN__DUPLICATE_METHOD_MATCH = YES;
				COPY_PHASE_STRIP = NO;
				DEBUG_INFORMATION_FORMAT = dwarf;
				DEVELOPMENT_TEAM = UYP6X4YKVM;
				ENABLE_STRICT_OBJC_MSGSEND = YES;
				ENABLE_TESTABILITY = YES;
				ENABLE_USER_SCRIPT_SANDBOXING = YES;
				GCC_C_LANGUAGE_STANDARD = gnu17;
				GCC_DYNAMIC_NO_PIC = NO;
				GCC_NO_COMMON_BLOCKS = YES;
				GCC_OPTIMIZATION_LEVEL = 0;
				GCC_PREPROCESSOR_DEFINITIONS = (
					"DEBUG=1",
					"$(inherited)",
				);
				GCC_WARN_64_TO_32_BIT_CONVERSION = YES;
				GCC_WARN_ABOUT_RETURN_TYPE = YES_ERROR;
				GCC_WARN_UNDECLARED_SELECTOR = YES;
				GCC_WARN_UNINITIALIZED_AUTOS = YES_AGGRESSIVE;
				GCC_WARN_UNUSED_FUNCTION = YES;
				GCC_WARN_UNUSED_VARIABLE = YES;
				IPHONEOS_DEPLOYMENT_TARGET = 16.0;
				LIBRARY_SEARCH_PATHS = "";
				LOCALIZATION_PREFERS_STRING_CATALOGS = YES;
				MTL_ENABLE_DEBUG_INFO = INCLUDE_SOURCE;
				MTL_FAST_MATH = YES;
				ONLY_ACTIVE_ARCH = YES;
				OTHER_LDFLAGS = "";
				SDKROOT = iphoneos;
				SWIFT_ACTIVE_COMPILATION_CONDITIONS = "DEBUG $(inherited)";
				SWIFT_OPTIMIZATION_LEVEL = "-Onone";
			};
			name = Debug;
		};
		2829D6912DF5C6640079E2B5 /* Release */ = {
			isa = XCBuildConfiguration;
			buildSettings = {
				ALWAYS_SEARCH_USER_PATHS = NO;
				ASSETCATALOG_COMPILER_GENERATE_SWIFT_ASSET_SYMBOL_EXTENSIONS = YES;
				CLANG_ANALYZER_NONNULL = YES;
				CLANG_ANALYZER_NUMBER_OBJECT_CONVERSION = YES_AGGRESSIVE;
				CLANG_CXX_LANGUAGE_STANDARD = "gnu++20";
				CLANG_ENABLE_MODULES = YES;
				CLANG_ENABLE_OBJC_ARC = YES;
				CLANG_ENABLE_OBJC_WEAK = YES;
				CLANG_WARN_BLOCK_CAPTURE_AUTORELEASING = YES;
				CLANG_WARN_BOOL_CONVERSION = YES;
				CLANG_WARN_COMMA = YES;
				CLANG_WARN_CONSTANT_CONVERSION = YES;
				CLANG_WARN_DEPRECATED_OBJC_IMPLEMENTATIONS = YES;
				CLANG_WARN_DIRECT_OBJC_ISA_USAGE = YES_ERROR;
				CLANG_WARN_DOCUMENTATION_COMMENTS = YES;
				CLANG_WARN_EMPTY_BODY = YES;
				CLANG_WARN_ENUM_CONVERSION = YES;
				CLANG_WARN_INFINITE_RECURSION = YES;
				CLANG_WARN_INT_CONVERSION = YES;
				CLANG_WARN_NON_LITERAL_NULL_CONVERSION = YES;
				CLANG_WARN_OBJC_IMPLICIT_RETAIN_SELF = YES;
				CLANG_WARN_OBJC_LITERAL_CONVERSION = YES;
				CLANG_WARN_OBJC_ROOT_CLASS = YES_ERROR;
				CLANG_WARN_QUOTED_INCLUDE_IN_FRAMEWORK_HEADER = YES;
				CLANG_WARN_RANGE_LOOP_ANALYSIS = YES;
				CLANG_WARN_STRICT_PROTOTYPES = YES;
				CLANG_WARN_SUSPICIOUS_MOVE = YES;
				CLANG_WARN_UNGUARDED_AVAILABILITY = YES_AGGRESSIVE;
				CLANG_WARN_UNREACHABLE_CODE = YES;
				CLANG_WARN__DUPLICATE_METHOD_MATCH = YES;
				COPY_PHASE_STRIP = NO;
				DEBUG_INFORMATION_FORMAT = "dwarf-with-dsym";
				DEVELOPMENT_TEAM = UYP6X4YKVM;
				ENABLE_NS_ASSERTIONS = NO;
				ENABLE_STRICT_OBJC_MSGSEND = YES;
				ENABLE_USER_SCRIPT_SANDBOXING = YES;
				GCC_C_LANGUAGE_STANDARD = gnu17;
				GCC_NO_COMMON_BLOCKS = YES;
				GCC_WARN_64_TO_32_BIT_CONVERSION = YES;
				GCC_WARN_ABOUT_RETURN_TYPE = YES_ERROR;
				GCC_WARN_UNDECLARED_SELECTOR = YES;
				GCC_WARN_UNINITIALIZED_AUTOS = YES_AGGRESSIVE;
				GCC_WARN_UNUSED_FUNCTION = YES;
				GCC_WARN_UNUSED_VARIABLE = YES;
				IPHONEOS_DEPLOYMENT_TARGET = 16.0;
				LIBRARY_SEARCH_PATHS = "";
				LOCALIZATION_PREFERS_STRING_CATALOGS = YES;
				MTL_ENABLE_DEBUG_INFO = NO;
				MTL_FAST_MATH = YES;
				OTHER_LDFLAGS = "";
				SDKROOT = iphoneos;
				SWIFT_COMPILATION_MODE = wholemodule;
				VALIDATE_PRODUCT = YES;
			};
			name = Release;
		};
		2829D6932DF5C6640079E2B5 /* Debug */ = {
			isa = XCBuildConfiguration;
			buildSettings = {
				ASSETCATALOG_COMPILER_APPICON_NAME = AppIcon;
				ASSETCATALOG_COMPILER_GLOBAL_ACCENT_COLOR_NAME = AccentColor;
				CODE_SIGN_STYLE = Automatic;
				CURRENT_PROJECT_VERSION = 8;
				DEVELOPMENT_TEAM = UYP6X4YKVM;
				ENABLE_PREVIEWS = YES;
				GENERATE_INFOPLIST_FILE = YES;
				INFOPLIST_FILE = Character/Info.plist;
				INFOPLIST_KEY_UIApplicationSceneManifest_Generation = YES;
				INFOPLIST_KEY_UIApplicationSupportsIndirectInputEvents = YES;
				INFOPLIST_KEY_UILaunchScreen_Generation = YES;
				INFOPLIST_KEY_UISupportedInterfaceOrientations_iPad = "UIInterfaceOrientationPortrait UIInterfaceOrientationPortraitUpsideDown UIInterfaceOrientationLandscapeLeft UIInterfaceOrientationLandscapeRight";
				INFOPLIST_KEY_UISupportedInterfaceOrientations_iPhone = "UIInterfaceOrientationPortrait UIInterfaceOrientationLandscapeLeft UIInterfaceOrientationLandscapeRight";
				LD_RUNPATH_SEARCH_PATHS = (
					"$(inherited)",
					"@executable_path/Frameworks",
				);
				LIBRARY_SEARCH_PATHS = "$(inherited)";
				MARKETING_VERSION = 1.1.1;
				ONLY_ACTIVE_ARCH = NO;
				PRODUCT_BUNDLE_IDENTIFIER = com.Derao.Character;
				PRODUCT_NAME = "$(TARGET_NAME)";
				SWIFT_EMIT_LOC_STRINGS = YES;
				SWIFT_VERSION = 5.0;
				TARGETED_DEVICE_FAMILY = "1,2";
			};
			name = Debug;
		};
		2829D6942DF5C6640079E2B5 /* Release */ = {
			isa = XCBuildConfiguration;
			buildSettings = {
				ASSETCATALOG_COMPILER_APPICON_NAME = AppIcon;
				ASSETCATALOG_COMPILER_GLOBAL_ACCENT_COLOR_NAME = AccentColor;
				CODE_SIGN_STYLE = Automatic;
				CURRENT_PROJECT_VERSION = 8;
				DEVELOPMENT_TEAM = UYP6X4YKVM;
				ENABLE_PREVIEWS = YES;
				GENERATE_INFOPLIST_FILE = YES;
				INFOPLIST_FILE = Character/Info.plist;
				INFOPLIST_KEY_UIApplicationSceneManifest_Generation = YES;
				INFOPLIST_KEY_UIApplicationSupportsIndirectInputEvents = YES;
				INFOPLIST_KEY_UILaunchScreen_Generation = YES;
				INFOPLIST_KEY_UISupportedInterfaceOrientations_iPad = "UIInterfaceOrientationPortrait UIInterfaceOrientationPortraitUpsideDown UIInterfaceOrientationLandscapeLeft UIInterfaceOrientationLandscapeRight";
				INFOPLIST_KEY_UISupportedInterfaceOrientations_iPhone = "UIInterfaceOrientationPortrait UIInterfaceOrientationLandscapeLeft UIInterfaceOrientationLandscapeRight";
				LD_RUNPATH_SEARCH_PATHS = (
					"$(inherited)",
					"@executable_path/Frameworks",
				);
				LIBRARY_SEARCH_PATHS = "$(inherited)";
				MARKETING_VERSION = 1.1.1;
				PRODUCT_BUNDLE_IDENTIFIER = com.Derao.Character;
				PRODUCT_NAME = "$(TARGET_NAME)";
				SWIFT_EMIT_LOC_STRINGS = YES;
				SWIFT_VERSION = 5.0;
				TARGETED_DEVICE_FAMILY = "1,2";
			};
			name = Release;
		};
/* End XCBuildConfiguration section */

/* Begin XCConfigurationList section */
		2829D6822DF5C6630079E2B5 /* Build configuration list for PBXProject "Character" */ = {
			isa = XCConfigurationList;
			buildConfigurations = (
				2829D6902DF5C6640079E2B5 /* Debug */,
				2829D6912DF5C6640079E2B5 /* Release */,
			);
			defaultConfigurationIsVisible = 0;
			defaultConfigurationName = Release;
		};
		2829D6922DF5C6640079E2B5 /* Build configuration list for PBXNativeTarget "Character" */ = {
			isa = XCConfigurationList;
			buildConfigurations = (
				2829D6932DF5C6640079E2B5 /* Debug */,
				2829D6942DF5C6640079E2B5 /* Release */,
			);
			defaultConfigurationIsVisible = 0;
			defaultConfigurationName = Release;
		};
/* End XCConfigurationList section */

/* Begin XCRemoteSwiftPackageReference section */
		2829D6972DF5C7AB0079E2B5 /* XCRemoteSwiftPackageReference "firebase-ios-sdk" */ = {
			isa = XCRemoteSwiftPackageReference;
			repositoryURL = "https://github.com/firebase/firebase-ios-sdk.git";
			requirement = {
				kind = upToNextMajorVersion;
				minimumVersion = 11.14.0;
			};
		};
		2829D6A62DF5C9930079E2B5 /* XCRemoteSwiftPackageReference "swift-package-manager-google-mobile-ads" */ = {
			isa = XCRemoteSwiftPackageReference;
			repositoryURL = "https://github.com/googleads/swift-package-manager-google-mobile-ads";
			requirement = {
				kind = upToNextMajorVersion;
				minimumVersion = 12.5.0;
			};
		};
/* End XCRemoteSwiftPackageReference section */

/* Begin XCSwiftPackageProductDependency section */
		2829D6982DF5C7AB0079E2B5 /* FirebaseAnalytics */ = {
			isa = XCSwiftPackageProductDependency;
			package = 2829D6972DF5C7AB0079E2B5 /* XCRemoteSwiftPackageReference "firebase-ios-sdk" */;
			productName = FirebaseAnalytics;
		};
		2829D69A2DF5C7AB0079E2B5 /* FirebaseAppCheck */ = {
			isa = XCSwiftPackageProductDependency;
			package = 2829D6972DF5C7AB0079E2B5 /* XCRemoteSwiftPackageReference "firebase-ios-sdk" */;
			productName = FirebaseAppCheck;
		};
		2829D69C2DF5C7AB0079E2B5 /* FirebaseAuth */ = {
			isa = XCSwiftPackageProductDependency;
			package = 2829D6972DF5C7AB0079E2B5 /* XCRemoteSwiftPackageReference "firebase-ios-sdk" */;
			productName = FirebaseAuth;
		};
		2829D69E2DF5C7AB0079E2B5 /* FirebaseFirestore */ = {
			isa = XCSwiftPackageProductDependency;
			package = 2829D6972DF5C7AB0079E2B5 /* XCRemoteSwiftPackageReference "firebase-ios-sdk" */;
			productName = FirebaseFirestore;
		};
		2829D6A02DF5C7AB0079E2B5 /* FirebaseFunctions */ = {
			isa = XCSwiftPackageProductDependency;
			package = 2829D6972DF5C7AB0079E2B5 /* XCRemoteSwiftPackageReference "firebase-ios-sdk" */;
			productName = FirebaseFunctions;
		};
		2829D6A22DF5C7AB0079E2B5 /* FirebaseStorage */ = {
			isa = XCSwiftPackageProductDependency;
			package = 2829D6972DF5C7AB0079E2B5 /* XCRemoteSwiftPackageReference "firebase-ios-sdk" */;
			productName = FirebaseStorage;
		};
		2829D6A72DF5C9930079E2B5 /* GoogleMobileAds */ = {
			isa = XCSwiftPackageProductDependency;
			package = 2829D6A62DF5C9930079E2B5 /* XCRemoteSwiftPackageReference "swift-package-manager-google-mobile-ads" */;
			productName = GoogleMobileAds;
		};
/* End XCSwiftPackageProductDependency section */
	};
	rootObject = 2829D67F2DF5C6630079E2B5 /* Project object */;
}
